
Microsoft Visual Studio Solution File, Format Version 12.00
# Visual Studio Version 17
VisualStudioVersion = 17.9.34723.18
MinimumVisualStudioVersion = 10.0.40219.1
Project("{FAE04EC0-301F-11D3-BF4B-00C04F79EFBC}") = "redimensionar imagem", "redimensionar imagem.csproj", "{6CE866DD-1608-45DC-B8C2-694594B2F6DC}"
EndProject
Global
	GlobalSection(SolutionConfigurationPlatforms) = preSolution
		Debug|Any CPU = Debug|Any CPU
		Release|Any CPU = Release|Any CPU
	EndGlobalSection
	GlobalSection(ProjectConfigurationPlatforms) = postSolution
		{6CE866DD-1608-45DC-B8C2-694594B2F6DC}.Debug|Any CPU.ActiveCfg = Debug|Any CPU
		{6CE866DD-1608-45DC-B8C2-694594B2F6DC}.Debug|Any CPU.Build.0 = Debug|Any CPU
		{6CE866DD-1608-45DC-B8C2-694594B2F6DC}.Release|Any CPU.ActiveCfg = Release|Any CPU
		{6CE866DD-1608-45DC-B8C2-694594B2F6DC}.Release|Any CPU.Build.0 = Release|Any CPU
	EndGlobalSection
	GlobalSection(SolutionProperties) = preSolution
		HideSolutionNode = FALSE
	EndGlobalSection
	GlobalSection(ExtensibilityGlobals) = postSolution
		SolutionGuid = {EAAA2F7C-A760-45DE-9464-D4CE73B44437}
	EndGlobalSection
EndGlobal
